// !$*UTF8*$!
{
	archiveVersion = 1;
	classes = {
	};
	objectVersion = 56;
	objects = {

/* Begin PBXBuildFile section */
		0305ACDE2970748A008CAA4E /* WeatherQuestionModel.swift in Sources */ = {isa = PBXBuildFile; fileRef = 0305ACDD2970748A008CAA4E /* WeatherQuestionModel.swift */; };
		0305ACE029707624008CAA4E /* TodayWeatherQuestionResponse.swift in Sources */ = {isa = PBXBuildFile; fileRef = 0305ACDF29707624008CAA4E /* TodayWeatherQuestionResponse.swift */; };
		0305ACE22970855D008CAA4E /* WeatherWeekModel.swift in Sources */ = {isa = PBXBuildFile; fileRef = 0305ACE12970855D008CAA4E /* WeatherWeekModel.swift */; };
		033BF9922969669D008B5BFB /* CheckButton.swift in Sources */ = {isa = PBXBuildFile; fileRef = 033BF9912969669D008B5BFB /* CheckButton.swift */; };
		033E7F712965A8560051B349 /* ListInfoViewController.swift in Sources */ = {isa = PBXBuildFile; fileRef = 033E7F702965A8560051B349 /* ListInfoViewController.swift */; };
		033E7F732965C2FB0051B349 /* SecondInfoViewController.swift in Sources */ = {isa = PBXBuildFile; fileRef = 033E7F722965C2FB0051B349 /* SecondInfoViewController.swift */; };
		033E7F752965DA2A0051B349 /* TimeInfoViewController.swift in Sources */ = {isa = PBXBuildFile; fileRef = 033E7F742965DA2A0051B349 /* TimeInfoViewController.swift */; };
		0346A2F829644B7600E37FD2 /* EnterInfoCollectionViewCell.swift in Sources */ = {isa = PBXBuildFile; fileRef = 0346A2F729644B7600E37FD2 /* EnterInfoCollectionViewCell.swift */; };
		0346A30229658F3000E37FD2 /* ListTableViewCell.swift in Sources */ = {isa = PBXBuildFile; fileRef = 0346A30129658F3000E37FD2 /* ListTableViewCell.swift */; };
		03AF5DF2296B2560004598EF /* WeekWeatherView.swift in Sources */ = {isa = PBXBuildFile; fileRef = 03AF5DF1296B2560004598EF /* WeekWeatherView.swift */; };
		03AF5DF7296B413A004598EF /* WeekWeatherCollectionViewCell.swift in Sources */ = {isa = PBXBuildFile; fileRef = 03AF5DF6296B413A004598EF /* WeekWeatherCollectionViewCell.swift */; };
		03AF5DFB296C1AA4004598EF /* WeekWeatherHeaderView.swift in Sources */ = {isa = PBXBuildFile; fileRef = 03AF5DFA296C1AA4004598EF /* WeekWeatherHeaderView.swift */; };
		5212EADA296493380084B95E /* TodayWeatherViewController.swift in Sources */ = {isa = PBXBuildFile; fileRef = 5212EAD9296493380084B95E /* TodayWeatherViewController.swift */; };
		5212EADD296496DD0084B95E /* LocationView.swift in Sources */ = {isa = PBXBuildFile; fileRef = 5212EADC296496DD0084B95E /* LocationView.swift */; };
		5212EADF29649C950084B95E /* BaseLocationViewController.swift in Sources */ = {isa = PBXBuildFile; fileRef = 5212EADE29649C950084B95E /* BaseLocationViewController.swift */; };
		5212EAE22964AD4E0084B95E /* TodayWeatherCollectionViewCell.swift in Sources */ = {isa = PBXBuildFile; fileRef = 5212EAE12964AD4E0084B95E /* TodayWeatherCollectionViewCell.swift */; };
		5212EAE42965636B0084B95E /* FirstTodayWeatherView.swift in Sources */ = {isa = PBXBuildFile; fileRef = 5212EAE32965636B0084B95E /* FirstTodayWeatherView.swift */; };
		5212EAE9296575170084B95E /* Then in Frameworks */ = {isa = PBXBuildFile; productRef = 5212EAE8296575170084B95E /* Then */; };
		5212EAEC296575210084B95E /* SnapKit in Frameworks */ = {isa = PBXBuildFile; productRef = 5212EAEB296575210084B95E /* SnapKit */; };
		5212EAEF2965752F0084B95E /* Moya in Frameworks */ = {isa = PBXBuildFile; productRef = 5212EAEE2965752F0084B95E /* Moya */; };
		5212EAF2296575490084B95E /* Lottie in Frameworks */ = {isa = PBXBuildFile; productRef = 5212EAF1296575490084B95E /* Lottie */; };
		521317642962B5A3009371E1 /* UIView +.swift in Sources */ = {isa = PBXBuildFile; fileRef = 521317632962B5A2009371E1 /* UIView +.swift */; };
		521317662962B5CA009371E1 /* UIStackView +.swift in Sources */ = {isa = PBXBuildFile; fileRef = 521317652962B5CA009371E1 /* UIStackView +.swift */; };
		521317692963F313009371E1 /* Letter.swift in Sources */ = {isa = PBXBuildFile; fileRef = 521317682963F313009371E1 /* Letter.swift */; };
		5213176D2963F6D0009371E1 /* MenuTableViewCell.swift in Sources */ = {isa = PBXBuildFile; fileRef = 5213176C2963F6D0009371E1 /* MenuTableViewCell.swift */; };
		521317702963F8B2009371E1 /* UITableView +.swift in Sources */ = {isa = PBXBuildFile; fileRef = 5213176F2963F8B2009371E1 /* UITableView +.swift */; };
		521317722963F934009371E1 /* NSObject +.swift in Sources */ = {isa = PBXBuildFile; fileRef = 521317712963F934009371E1 /* NSObject +.swift */; };
		521317742963F9D5009371E1 /* UICollectionView +.swift in Sources */ = {isa = PBXBuildFile; fileRef = 521317732963F9D5009371E1 /* UICollectionView +.swift */; };
		5213177729641479009371E1 /* MenuLineHeaderView.swift in Sources */ = {isa = PBXBuildFile; fileRef = 5213177629641479009371E1 /* MenuLineHeaderView.swift */; };
		523BB081295D69990004B343 /* FontLevel.swift in Sources */ = {isa = PBXBuildFile; fileRef = 523BB080295D69990004B343 /* FontLevel.swift */; };
		523BB083295D73350004B343 /* Image.swift in Sources */ = {isa = PBXBuildFile; fileRef = 523BB082295D73350004B343 /* Image.swift */; };
		523BB085295D735D0004B343 /* Color.swift in Sources */ = {isa = PBXBuildFile; fileRef = 523BB084295D735D0004B343 /* Color.swift */; };
		52625C402967DDF9007F483D /* UILabel +.swift in Sources */ = {isa = PBXBuildFile; fileRef = 52625C3F2967DDF9007F483D /* UILabel +.swift */; };
		52625C422967E00A007F483D /* FirstTodayWeatherData.swift in Sources */ = {isa = PBXBuildFile; fileRef = 52625C412967E00A007F483D /* FirstTodayWeatherData.swift */; };
		52625C442967F62B007F483D /* ReportCollectionViewCell.swift in Sources */ = {isa = PBXBuildFile; fileRef = 52625C432967F62B007F483D /* ReportCollectionViewCell.swift */; };
		52625C47296805B7007F483D /* PaddingLabel.swift in Sources */ = {isa = PBXBuildFile; fileRef = 52625C46296805B7007F483D /* PaddingLabel.swift */; };
		52625C562969B2AF007F483D /* UserInfo.swift in Sources */ = {isa = PBXBuildFile; fileRef = 52625C552969B2AF007F483D /* UserInfo.swift */; };
		52625C5A296B1E68007F483D /* WeekWeatherViewController.swift in Sources */ = {isa = PBXBuildFile; fileRef = 52625C59296B1E68007F483D /* WeekWeatherViewController.swift */; };
		52C2FD49296DC18F002D53FB /* Int +.swift in Sources */ = {isa = PBXBuildFile; fileRef = 52C2FD48296DC18F002D53FB /* Int +.swift */; };
		52C2FD4C296E846B002D53FB /* DataKey.swift in Sources */ = {isa = PBXBuildFile; fileRef = 52C2FD4B296E846B002D53FB /* DataKey.swift */; };
		52C2FD51296EA8AE002D53FB /* UserService.swift in Sources */ = {isa = PBXBuildFile; fileRef = 52C2FD50296EA8AE002D53FB /* UserService.swift */; };
		52C2FD57296EAB97002D53FB /* TodayWeatherService.swift in Sources */ = {isa = PBXBuildFile; fileRef = 52C2FD56296EAB97002D53FB /* TodayWeatherService.swift */; };
		52C2FD59296EABA0002D53FB /* TodayWeatherDetailService.swift in Sources */ = {isa = PBXBuildFile; fileRef = 52C2FD58296EABA0002D53FB /* TodayWeatherDetailService.swift */; };
		52C2FD5E296EB016002D53FB /* PostUserRequest.swift in Sources */ = {isa = PBXBuildFile; fileRef = 52C2FD5D296EB016002D53FB /* PostUserRequest.swift */; };
		52C2FD60296EB9A4002D53FB /* PostUserResponse.swift in Sources */ = {isa = PBXBuildFile; fileRef = 52C2FD5F296EB9A4002D53FB /* PostUserResponse.swift */; };
		52C2FD62296EBA54002D53FB /* CheckUserResponse.swift in Sources */ = {isa = PBXBuildFile; fileRef = 52C2FD61296EBA54002D53FB /* CheckUserResponse.swift */; };
		52C2FD65296EC175002D53FB /* User.swift in Sources */ = {isa = PBXBuildFile; fileRef = 52C2FD64296EC175002D53FB /* User.swift */; };
		52CBA497295C774A00DE6AE9 /* UIFont +.swift in Sources */ = {isa = PBXBuildFile; fileRef = 52CBA496295C774A00DE6AE9 /* UIFont +.swift */; };
		52CBA49A295C7BD800DE6AE9 /* URLConst.swift in Sources */ = {isa = PBXBuildFile; fileRef = 52CBA499295C7BD800DE6AE9 /* URLConst.swift */; };
		52CBA49D295C7F4C00DE6AE9 /* APIConst.swift in Sources */ = {isa = PBXBuildFile; fileRef = 52CBA49C295C7F4C00DE6AE9 /* APIConst.swift */; };
		52CBA4A7295C865A00DE6AE9 /* Encodable +.swift in Sources */ = {isa = PBXBuildFile; fileRef = 52CBA4A6295C865A00DE6AE9 /* Encodable +.swift */; };
		52CBA4A9295C881400DE6AE9 /* NetworkLoggerPlugin.swift in Sources */ = {isa = PBXBuildFile; fileRef = 52CBA4A8295C881400DE6AE9 /* NetworkLoggerPlugin.swift */; };
		52CBA4AE295C891200DE6AE9 /* GerneralResponse.swift in Sources */ = {isa = PBXBuildFile; fileRef = 52CBA4AD295C891200DE6AE9 /* GerneralResponse.swift */; };
		52CBA4BD295C8EC800DE6AE9 /* PretendardType.swift in Sources */ = {isa = PBXBuildFile; fileRef = 52CBA4BC295C8EC800DE6AE9 /* PretendardType.swift */; };
		52D6A3792961573200BF4287 /* splash.json in Resources */ = {isa = PBXBuildFile; fileRef = 52D6A3782961573200BF4287 /* splash.json */; };
		52D6A37B296157CE00BF4287 /* SplashViewController.swift in Sources */ = {isa = PBXBuildFile; fileRef = 52D6A37A296157CE00BF4287 /* SplashViewController.swift */; };
		52D6A3802961653000BF4287 /* UIViewController +.swift in Sources */ = {isa = PBXBuildFile; fileRef = 52D6A37F2961653000BF4287 /* UIViewController +.swift */; };
		52D6A38D2961A08D00BF4287 /* SideMenuView.swift in Sources */ = {isa = PBXBuildFile; fileRef = 52D6A38C2961A08D00BF4287 /* SideMenuView.swift */; };
		52D6A38F2961A2F800BF4287 /* CGFloat +.swift in Sources */ = {isa = PBXBuildFile; fileRef = 52D6A38E2961A2F800BF4287 /* CGFloat +.swift */; };
		52D9F2CD2961C6C50009E6F8 /* Pretendard-SemiBold.otf in Resources */ = {isa = PBXBuildFile; fileRef = 52D9F2C92961C6C40009E6F8 /* Pretendard-SemiBold.otf */; };
		52D9F2CE2961C6C50009E6F8 /* Pretendard-Regular.otf in Resources */ = {isa = PBXBuildFile; fileRef = 52D9F2CA2961C6C40009E6F8 /* Pretendard-Regular.otf */; };
		52D9F2CF2961C6C50009E6F8 /* Pretendard-Bold.otf in Resources */ = {isa = PBXBuildFile; fileRef = 52D9F2CB2961C6C40009E6F8 /* Pretendard-Bold.otf */; };
		52D9F2D02961C6C50009E6F8 /* Pretendard-Medium.otf in Resources */ = {isa = PBXBuildFile; fileRef = 52D9F2CC2961C6C50009E6F8 /* Pretendard-Medium.otf */; };
		52FBA6AB295590D500F263B3 /* AppDelegate.swift in Sources */ = {isa = PBXBuildFile; fileRef = 52FBA6AA295590D500F263B3 /* AppDelegate.swift */; };
		52FBA6AD295590D500F263B3 /* SceneDelegate.swift in Sources */ = {isa = PBXBuildFile; fileRef = 52FBA6AC295590D500F263B3 /* SceneDelegate.swift */; };
		52FBA6AF295590D500F263B3 /* BaseViewController.swift in Sources */ = {isa = PBXBuildFile; fileRef = 52FBA6AE295590D500F263B3 /* BaseViewController.swift */; };
		52FBA6B4295590D700F263B3 /* Assets.xcassets in Resources */ = {isa = PBXBuildFile; fileRef = 52FBA6B3295590D700F263B3 /* Assets.xcassets */; };
		52FBA6B7295590D700F263B3 /* LaunchScreen.storyboard in Resources */ = {isa = PBXBuildFile; fileRef = 52FBA6B5295590D700F263B3 /* LaunchScreen.storyboard */; };
		52FBA6D02955BC3B00F263B3 /* Color.xcassets in Resources */ = {isa = PBXBuildFile; fileRef = 52FBA6CF2955BC3B00F263B3 /* Color.xcassets */; };
		52FBA6D22955BC4E00F263B3 /* Image.xcassets in Resources */ = {isa = PBXBuildFile; fileRef = 52FBA6D12955BC4E00F263B3 /* Image.xcassets */; };
		AB03CA98296EE52300D81A2D /* DetailRainResponse.swift in Sources */ = {isa = PBXBuildFile; fileRef = AB03CA97296EE52300D81A2D /* DetailRainResponse.swift */; };
		AB05A344296D43BF0064CE1F /* DetailTemp.swift in Sources */ = {isa = PBXBuildFile; fileRef = AB05A343296D43BF0064CE1F /* DetailTemp.swift */; };
		AB09FF622962BB2C004C54EE /* SecondTodayWeatherView.swift in Sources */ = {isa = PBXBuildFile; fileRef = AB09FF612962BB2C004C54EE /* SecondTodayWeatherView.swift */; };
		AB09FF6929630D7A004C54EE /* WeatherTableViewCellType.swift in Sources */ = {isa = PBXBuildFile; fileRef = AB09FF6829630D7A004C54EE /* WeatherTableViewCellType.swift */; };
		AB102EB729655CA400BEBF90 /* UIButton +.swift in Sources */ = {isa = PBXBuildFile; fileRef = AB102EB629655CA400BEBF90 /* UIButton +.swift */; };
		AB2590C6296427A2008FEC2A /* TimeTableViewCell.swift in Sources */ = {isa = PBXBuildFile; fileRef = AB2590C5296427A2008FEC2A /* TimeTableViewCell.swift */; };
		AB2590C92964522A008FEC2A /* HourCollectionViewCell.swift in Sources */ = {isa = PBXBuildFile; fileRef = AB2590C82964522A008FEC2A /* HourCollectionViewCell.swift */; };
		AB2590CD29647C55008FEC2A /* TodayTableViewCell.swift in Sources */ = {isa = PBXBuildFile; fileRef = AB2590CC29647C55008FEC2A /* TodayTableViewCell.swift */; };
		AB3D5B3D2967E86700105FC9 /* SettingViewController.swift in Sources */ = {isa = PBXBuildFile; fileRef = AB3D5B3C2967E86700105FC9 /* SettingViewController.swift */; };
		AB3D5B412967ED8400105FC9 /* SettingTableViewCell.swift in Sources */ = {isa = PBXBuildFile; fileRef = AB3D5B402967ED8400105FC9 /* SettingTableViewCell.swift */; };
		AB3D5B472967F69600105FC9 /* AlarmSettingViewController.swift in Sources */ = {isa = PBXBuildFile; fileRef = AB3D5B462967F69600105FC9 /* AlarmSettingViewController.swift */; };
		AB3D5B492968084000105FC9 /* AlarmTableViewCell.swift in Sources */ = {isa = PBXBuildFile; fileRef = AB3D5B482968084000105FC9 /* AlarmTableViewCell.swift */; };
		AB3D5B4B29680EEF00105FC9 /* AlarmSetting.swift in Sources */ = {isa = PBXBuildFile; fileRef = AB3D5B4A29680EEF00105FC9 /* AlarmSetting.swift */; };
		AB3D5B4D29681C9200105FC9 /* CommuteTimeViewController.swift in Sources */ = {isa = PBXBuildFile; fileRef = AB3D5B4C29681C9200105FC9 /* CommuteTimeViewController.swift */; };
		AB3D5B4F29681CBA00105FC9 /* WakeUpTimeViewController.swift in Sources */ = {isa = PBXBuildFile; fileRef = AB3D5B4E29681CBA00105FC9 /* WakeUpTimeViewController.swift */; };
		AB3D5B51296828E800105FC9 /* FirstInfoViewController.swift in Sources */ = {isa = PBXBuildFile; fileRef = AB3D5B50296828E800105FC9 /* FirstInfoViewController.swift */; };
		AB3D5B572968909A00105FC9 /* SettingBaseViewController.swift in Sources */ = {isa = PBXBuildFile; fileRef = AB3D5B562968909A00105FC9 /* SettingBaseViewController.swift */; };
		AB868C372963D5F300A9AF94 /* CommuteTableViewCell.swift in Sources */ = {isa = PBXBuildFile; fileRef = AB868C362963D5F300A9AF94 /* CommuteTableViewCell.swift */; };
		AB8D80EB297051650096E333 /* TodayWeatherResponse.swift in Sources */ = {isa = PBXBuildFile; fileRef = AB8D80EA297051650096E333 /* TodayWeatherResponse.swift */; };
		AB8D80ED29712D230096E333 /* DetailWeatherResponse.swift in Sources */ = {isa = PBXBuildFile; fileRef = AB8D80EC29712D230096E333 /* DetailWeatherResponse.swift */; };
		AB8D80EF29712D570096E333 /* DetailTempRespone.swift in Sources */ = {isa = PBXBuildFile; fileRef = AB8D80EE29712D570096E333 /* DetailTempRespone.swift */; };
		ABA6C541296D800E0077E246 /* DetailRain.swift in Sources */ = {isa = PBXBuildFile; fileRef = ABA6C540296D800E0077E246 /* DetailRain.swift */; };
		ABA6C543296DBB4A0077E246 /* SecondTodayWeather.swift in Sources */ = {isa = PBXBuildFile; fileRef = ABA6C542296DBB4A0077E246 /* SecondTodayWeather.swift */; };
		ABA6C547296E7D5C0077E246 /* String +.swift in Sources */ = {isa = PBXBuildFile; fileRef = ABA6C546296E7D5C0077E246 /* String +.swift */; };
/* End PBXBuildFile section */

/* Begin PBXFileReference section */
		0305ACDD2970748A008CAA4E /* WeatherQuestionModel.swift */ = {isa = PBXFileReference; lastKnownFileType = sourcecode.swift; path = WeatherQuestionModel.swift; sourceTree = "<group>"; };
		0305ACDF29707624008CAA4E /* TodayWeatherQuestionResponse.swift */ = {isa = PBXFileReference; lastKnownFileType = sourcecode.swift; path = TodayWeatherQuestionResponse.swift; sourceTree = "<group>"; };
		0305ACE12970855D008CAA4E /* WeatherWeekModel.swift */ = {isa = PBXFileReference; lastKnownFileType = sourcecode.swift; path = WeatherWeekModel.swift; sourceTree = "<group>"; };
		033BF9912969669D008B5BFB /* CheckButton.swift */ = {isa = PBXFileReference; lastKnownFileType = sourcecode.swift; path = CheckButton.swift; sourceTree = "<group>"; };
		033E7F702965A8560051B349 /* ListInfoViewController.swift */ = {isa = PBXFileReference; lastKnownFileType = sourcecode.swift; path = ListInfoViewController.swift; sourceTree = "<group>"; };
		033E7F722965C2FB0051B349 /* SecondInfoViewController.swift */ = {isa = PBXFileReference; lastKnownFileType = sourcecode.swift; path = SecondInfoViewController.swift; sourceTree = "<group>"; };
		033E7F742965DA2A0051B349 /* TimeInfoViewController.swift */ = {isa = PBXFileReference; lastKnownFileType = sourcecode.swift; path = TimeInfoViewController.swift; sourceTree = "<group>"; };
		0346A2F729644B7600E37FD2 /* EnterInfoCollectionViewCell.swift */ = {isa = PBXFileReference; lastKnownFileType = sourcecode.swift; path = EnterInfoCollectionViewCell.swift; sourceTree = "<group>"; };
		0346A30129658F3000E37FD2 /* ListTableViewCell.swift */ = {isa = PBXFileReference; lastKnownFileType = sourcecode.swift; path = ListTableViewCell.swift; sourceTree = "<group>"; };
		03AF5DF1296B2560004598EF /* WeekWeatherView.swift */ = {isa = PBXFileReference; lastKnownFileType = sourcecode.swift; path = WeekWeatherView.swift; sourceTree = "<group>"; };
		03AF5DF6296B413A004598EF /* WeekWeatherCollectionViewCell.swift */ = {isa = PBXFileReference; lastKnownFileType = sourcecode.swift; path = WeekWeatherCollectionViewCell.swift; sourceTree = "<group>"; };
		03AF5DFA296C1AA4004598EF /* WeekWeatherHeaderView.swift */ = {isa = PBXFileReference; lastKnownFileType = sourcecode.swift; path = WeekWeatherHeaderView.swift; sourceTree = "<group>"; };
		5212EAD9296493380084B95E /* TodayWeatherViewController.swift */ = {isa = PBXFileReference; lastKnownFileType = sourcecode.swift; path = TodayWeatherViewController.swift; sourceTree = "<group>"; };
		5212EADC296496DD0084B95E /* LocationView.swift */ = {isa = PBXFileReference; lastKnownFileType = sourcecode.swift; path = LocationView.swift; sourceTree = "<group>"; };
		5212EADE29649C950084B95E /* BaseLocationViewController.swift */ = {isa = PBXFileReference; lastKnownFileType = sourcecode.swift; path = BaseLocationViewController.swift; sourceTree = "<group>"; };
		5212EAE12964AD4E0084B95E /* TodayWeatherCollectionViewCell.swift */ = {isa = PBXFileReference; lastKnownFileType = sourcecode.swift; path = TodayWeatherCollectionViewCell.swift; sourceTree = "<group>"; };
		5212EAE32965636B0084B95E /* FirstTodayWeatherView.swift */ = {isa = PBXFileReference; lastKnownFileType = sourcecode.swift; path = FirstTodayWeatherView.swift; sourceTree = "<group>"; };
		521317632962B5A2009371E1 /* UIView +.swift */ = {isa = PBXFileReference; lastKnownFileType = sourcecode.swift; path = "UIView +.swift"; sourceTree = "<group>"; };
		521317652962B5CA009371E1 /* UIStackView +.swift */ = {isa = PBXFileReference; lastKnownFileType = sourcecode.swift; path = "UIStackView +.swift"; sourceTree = "<group>"; };
		521317682963F313009371E1 /* Letter.swift */ = {isa = PBXFileReference; lastKnownFileType = sourcecode.swift; path = Letter.swift; sourceTree = "<group>"; };
		5213176C2963F6D0009371E1 /* MenuTableViewCell.swift */ = {isa = PBXFileReference; lastKnownFileType = sourcecode.swift; path = MenuTableViewCell.swift; sourceTree = "<group>"; };
		5213176F2963F8B2009371E1 /* UITableView +.swift */ = {isa = PBXFileReference; lastKnownFileType = sourcecode.swift; path = "UITableView +.swift"; sourceTree = "<group>"; };
		521317712963F934009371E1 /* NSObject +.swift */ = {isa = PBXFileReference; lastKnownFileType = sourcecode.swift; path = "NSObject +.swift"; sourceTree = "<group>"; };
		521317732963F9D5009371E1 /* UICollectionView +.swift */ = {isa = PBXFileReference; lastKnownFileType = sourcecode.swift; path = "UICollectionView +.swift"; sourceTree = "<group>"; };
		5213177629641479009371E1 /* MenuLineHeaderView.swift */ = {isa = PBXFileReference; lastKnownFileType = sourcecode.swift; path = MenuLineHeaderView.swift; sourceTree = "<group>"; };
		523BB080295D69990004B343 /* FontLevel.swift */ = {isa = PBXFileReference; lastKnownFileType = sourcecode.swift; path = FontLevel.swift; sourceTree = "<group>"; };
		523BB082295D73350004B343 /* Image.swift */ = {isa = PBXFileReference; lastKnownFileType = sourcecode.swift; path = Image.swift; sourceTree = "<group>"; };
		523BB084295D735D0004B343 /* Color.swift */ = {isa = PBXFileReference; lastKnownFileType = sourcecode.swift; path = Color.swift; sourceTree = "<group>"; };
		52625C3F2967DDF9007F483D /* UILabel +.swift */ = {isa = PBXFileReference; lastKnownFileType = sourcecode.swift; path = "UILabel +.swift"; sourceTree = "<group>"; };
		52625C412967E00A007F483D /* FirstTodayWeatherData.swift */ = {isa = PBXFileReference; lastKnownFileType = sourcecode.swift; path = FirstTodayWeatherData.swift; sourceTree = "<group>"; };
		52625C432967F62B007F483D /* ReportCollectionViewCell.swift */ = {isa = PBXFileReference; lastKnownFileType = sourcecode.swift; path = ReportCollectionViewCell.swift; sourceTree = "<group>"; };
		52625C46296805B7007F483D /* PaddingLabel.swift */ = {isa = PBXFileReference; lastKnownFileType = sourcecode.swift; path = PaddingLabel.swift; sourceTree = "<group>"; };
		52625C552969B2AF007F483D /* UserInfo.swift */ = {isa = PBXFileReference; lastKnownFileType = sourcecode.swift; path = UserInfo.swift; sourceTree = "<group>"; };
		52625C59296B1E68007F483D /* WeekWeatherViewController.swift */ = {isa = PBXFileReference; lastKnownFileType = sourcecode.swift; path = WeekWeatherViewController.swift; sourceTree = "<group>"; };
		52C2FD48296DC18F002D53FB /* Int +.swift */ = {isa = PBXFileReference; lastKnownFileType = sourcecode.swift; path = "Int +.swift"; sourceTree = "<group>"; };
		52C2FD4B296E846B002D53FB /* DataKey.swift */ = {isa = PBXFileReference; lastKnownFileType = sourcecode.swift; path = DataKey.swift; sourceTree = "<group>"; };
		52C2FD50296EA8AE002D53FB /* UserService.swift */ = {isa = PBXFileReference; lastKnownFileType = sourcecode.swift; path = UserService.swift; sourceTree = "<group>"; };
		52C2FD56296EAB97002D53FB /* TodayWeatherService.swift */ = {isa = PBXFileReference; lastKnownFileType = sourcecode.swift; path = TodayWeatherService.swift; sourceTree = "<group>"; };
		52C2FD58296EABA0002D53FB /* TodayWeatherDetailService.swift */ = {isa = PBXFileReference; lastKnownFileType = sourcecode.swift; path = TodayWeatherDetailService.swift; sourceTree = "<group>"; };
		52C2FD5D296EB016002D53FB /* PostUserRequest.swift */ = {isa = PBXFileReference; lastKnownFileType = sourcecode.swift; path = PostUserRequest.swift; sourceTree = "<group>"; };
		52C2FD5F296EB9A4002D53FB /* PostUserResponse.swift */ = {isa = PBXFileReference; lastKnownFileType = sourcecode.swift; path = PostUserResponse.swift; sourceTree = "<group>"; };
		52C2FD61296EBA54002D53FB /* CheckUserResponse.swift */ = {isa = PBXFileReference; lastKnownFileType = sourcecode.swift; path = CheckUserResponse.swift; sourceTree = "<group>"; };
		52C2FD64296EC175002D53FB /* User.swift */ = {isa = PBXFileReference; lastKnownFileType = sourcecode.swift; path = User.swift; sourceTree = "<group>"; };
		52CBA496295C774A00DE6AE9 /* UIFont +.swift */ = {isa = PBXFileReference; lastKnownFileType = sourcecode.swift; path = "UIFont +.swift"; sourceTree = "<group>"; };
		52CBA499295C7BD800DE6AE9 /* URLConst.swift */ = {isa = PBXFileReference; lastKnownFileType = sourcecode.swift; path = URLConst.swift; sourceTree = "<group>"; };
		52CBA49C295C7F4C00DE6AE9 /* APIConst.swift */ = {isa = PBXFileReference; lastKnownFileType = sourcecode.swift; path = APIConst.swift; sourceTree = "<group>"; };
		52CBA4A6295C865A00DE6AE9 /* Encodable +.swift */ = {isa = PBXFileReference; lastKnownFileType = sourcecode.swift; path = "Encodable +.swift"; sourceTree = "<group>"; };
		52CBA4A8295C881400DE6AE9 /* NetworkLoggerPlugin.swift */ = {isa = PBXFileReference; lastKnownFileType = sourcecode.swift; path = NetworkLoggerPlugin.swift; sourceTree = "<group>"; };
		52CBA4AD295C891200DE6AE9 /* GerneralResponse.swift */ = {isa = PBXFileReference; lastKnownFileType = sourcecode.swift; path = GerneralResponse.swift; sourceTree = "<group>"; };
		52CBA4BC295C8EC800DE6AE9 /* PretendardType.swift */ = {isa = PBXFileReference; lastKnownFileType = sourcecode.swift; path = PretendardType.swift; sourceTree = "<group>"; };
		52D6A3782961573200BF4287 /* splash.json */ = {isa = PBXFileReference; fileEncoding = 4; lastKnownFileType = text.json; path = splash.json; sourceTree = "<group>"; };
		52D6A37A296157CE00BF4287 /* SplashViewController.swift */ = {isa = PBXFileReference; lastKnownFileType = sourcecode.swift; path = SplashViewController.swift; sourceTree = "<group>"; };
		52D6A37F2961653000BF4287 /* UIViewController +.swift */ = {isa = PBXFileReference; lastKnownFileType = sourcecode.swift; path = "UIViewController +.swift"; sourceTree = "<group>"; };
		52D6A38C2961A08D00BF4287 /* SideMenuView.swift */ = {isa = PBXFileReference; lastKnownFileType = sourcecode.swift; path = SideMenuView.swift; sourceTree = "<group>"; };
		52D6A38E2961A2F800BF4287 /* CGFloat +.swift */ = {isa = PBXFileReference; lastKnownFileType = sourcecode.swift; path = "CGFloat +.swift"; sourceTree = "<group>"; };
		52D9F2C92961C6C40009E6F8 /* Pretendard-SemiBold.otf */ = {isa = PBXFileReference; lastKnownFileType = file; path = "Pretendard-SemiBold.otf"; sourceTree = "<group>"; };
		52D9F2CA2961C6C40009E6F8 /* Pretendard-Regular.otf */ = {isa = PBXFileReference; lastKnownFileType = file; path = "Pretendard-Regular.otf"; sourceTree = "<group>"; };
		52D9F2CB2961C6C40009E6F8 /* Pretendard-Bold.otf */ = {isa = PBXFileReference; lastKnownFileType = file; path = "Pretendard-Bold.otf"; sourceTree = "<group>"; };
		52D9F2CC2961C6C50009E6F8 /* Pretendard-Medium.otf */ = {isa = PBXFileReference; lastKnownFileType = file; path = "Pretendard-Medium.otf"; sourceTree = "<group>"; };
		52FBA6A7295590D500F263B3 /* ShortWeather.app */ = {isa = PBXFileReference; explicitFileType = wrapper.application; includeInIndex = 0; path = ShortWeather.app; sourceTree = BUILT_PRODUCTS_DIR; };
		52FBA6AA295590D500F263B3 /* AppDelegate.swift */ = {isa = PBXFileReference; lastKnownFileType = sourcecode.swift; path = AppDelegate.swift; sourceTree = "<group>"; };
		52FBA6AC295590D500F263B3 /* SceneDelegate.swift */ = {isa = PBXFileReference; lastKnownFileType = sourcecode.swift; path = SceneDelegate.swift; sourceTree = "<group>"; };
		52FBA6AE295590D500F263B3 /* BaseViewController.swift */ = {isa = PBXFileReference; lastKnownFileType = sourcecode.swift; path = BaseViewController.swift; sourceTree = "<group>"; };
		52FBA6B3295590D700F263B3 /* Assets.xcassets */ = {isa = PBXFileReference; lastKnownFileType = folder.assetcatalog; path = Assets.xcassets; sourceTree = "<group>"; };
		52FBA6B6295590D700F263B3 /* Base */ = {isa = PBXFileReference; lastKnownFileType = file.storyboard; name = Base; path = Base.lproj/LaunchScreen.storyboard; sourceTree = "<group>"; };
		52FBA6B8295590D700F263B3 /* Info.plist */ = {isa = PBXFileReference; lastKnownFileType = text.plist.xml; path = Info.plist; sourceTree = "<group>"; };
		52FBA6CF2955BC3B00F263B3 /* Color.xcassets */ = {isa = PBXFileReference; lastKnownFileType = folder.assetcatalog; path = Color.xcassets; sourceTree = "<group>"; };
		52FBA6D12955BC4E00F263B3 /* Image.xcassets */ = {isa = PBXFileReference; lastKnownFileType = folder.assetcatalog; path = Image.xcassets; sourceTree = "<group>"; };
		AB03CA97296EE52300D81A2D /* DetailRainResponse.swift */ = {isa = PBXFileReference; lastKnownFileType = sourcecode.swift; path = DetailRainResponse.swift; sourceTree = "<group>"; };
		AB05A343296D43BF0064CE1F /* DetailTemp.swift */ = {isa = PBXFileReference; lastKnownFileType = sourcecode.swift; path = DetailTemp.swift; sourceTree = "<group>"; };
		AB09FF612962BB2C004C54EE /* SecondTodayWeatherView.swift */ = {isa = PBXFileReference; lastKnownFileType = sourcecode.swift; path = SecondTodayWeatherView.swift; sourceTree = "<group>"; };
		AB09FF6829630D7A004C54EE /* WeatherTableViewCellType.swift */ = {isa = PBXFileReference; lastKnownFileType = sourcecode.swift; path = WeatherTableViewCellType.swift; sourceTree = "<group>"; };
		AB102EB629655CA400BEBF90 /* UIButton +.swift */ = {isa = PBXFileReference; lastKnownFileType = sourcecode.swift; path = "UIButton +.swift"; sourceTree = "<group>"; };
		AB2590C5296427A2008FEC2A /* TimeTableViewCell.swift */ = {isa = PBXFileReference; lastKnownFileType = sourcecode.swift; path = TimeTableViewCell.swift; sourceTree = "<group>"; };
		AB2590C82964522A008FEC2A /* HourCollectionViewCell.swift */ = {isa = PBXFileReference; lastKnownFileType = sourcecode.swift; path = HourCollectionViewCell.swift; sourceTree = "<group>"; };
		AB2590CC29647C55008FEC2A /* TodayTableViewCell.swift */ = {isa = PBXFileReference; lastKnownFileType = sourcecode.swift; path = TodayTableViewCell.swift; sourceTree = "<group>"; };
		AB3D5B3C2967E86700105FC9 /* SettingViewController.swift */ = {isa = PBXFileReference; lastKnownFileType = sourcecode.swift; path = SettingViewController.swift; sourceTree = "<group>"; };
		AB3D5B402967ED8400105FC9 /* SettingTableViewCell.swift */ = {isa = PBXFileReference; lastKnownFileType = sourcecode.swift; path = SettingTableViewCell.swift; sourceTree = "<group>"; };
		AB3D5B462967F69600105FC9 /* AlarmSettingViewController.swift */ = {isa = PBXFileReference; lastKnownFileType = sourcecode.swift; path = AlarmSettingViewController.swift; sourceTree = "<group>"; };
		AB3D5B482968084000105FC9 /* AlarmTableViewCell.swift */ = {isa = PBXFileReference; lastKnownFileType = sourcecode.swift; path = AlarmTableViewCell.swift; sourceTree = "<group>"; };
		AB3D5B4A29680EEF00105FC9 /* AlarmSetting.swift */ = {isa = PBXFileReference; lastKnownFileType = sourcecode.swift; path = AlarmSetting.swift; sourceTree = "<group>"; };
		AB3D5B4C29681C9200105FC9 /* CommuteTimeViewController.swift */ = {isa = PBXFileReference; lastKnownFileType = sourcecode.swift; path = CommuteTimeViewController.swift; sourceTree = "<group>"; };
		AB3D5B4E29681CBA00105FC9 /* WakeUpTimeViewController.swift */ = {isa = PBXFileReference; lastKnownFileType = sourcecode.swift; path = WakeUpTimeViewController.swift; sourceTree = "<group>"; };
		AB3D5B50296828E800105FC9 /* FirstInfoViewController.swift */ = {isa = PBXFileReference; lastKnownFileType = sourcecode.swift; path = FirstInfoViewController.swift; sourceTree = "<group>"; };
		AB3D5B562968909A00105FC9 /* SettingBaseViewController.swift */ = {isa = PBXFileReference; lastKnownFileType = sourcecode.swift; path = SettingBaseViewController.swift; sourceTree = "<group>"; };
		AB868C362963D5F300A9AF94 /* CommuteTableViewCell.swift */ = {isa = PBXFileReference; lastKnownFileType = sourcecode.swift; path = CommuteTableViewCell.swift; sourceTree = "<group>"; };
		AB8D80EA297051650096E333 /* TodayWeatherResponse.swift */ = {isa = PBXFileReference; lastKnownFileType = sourcecode.swift; path = TodayWeatherResponse.swift; sourceTree = "<group>"; };
		AB8D80EC29712D230096E333 /* DetailWeatherResponse.swift */ = {isa = PBXFileReference; lastKnownFileType = sourcecode.swift; path = DetailWeatherResponse.swift; sourceTree = "<group>"; };
		AB8D80EE29712D570096E333 /* DetailTempRespone.swift */ = {isa = PBXFileReference; lastKnownFileType = sourcecode.swift; path = DetailTempRespone.swift; sourceTree = "<group>"; };
		ABA6C540296D800E0077E246 /* DetailRain.swift */ = {isa = PBXFileReference; lastKnownFileType = sourcecode.swift; path = DetailRain.swift; sourceTree = "<group>"; };
		ABA6C542296DBB4A0077E246 /* SecondTodayWeather.swift */ = {isa = PBXFileReference; lastKnownFileType = sourcecode.swift; path = SecondTodayWeather.swift; sourceTree = "<group>"; };
		ABA6C546296E7D5C0077E246 /* String +.swift */ = {isa = PBXFileReference; lastKnownFileType = sourcecode.swift; path = "String +.swift"; sourceTree = "<group>"; };
/* End PBXFileReference section */

/* Begin PBXFrameworksBuildPhase section */
		52FBA6A4295590D500F263B3 /* Frameworks */ = {
			isa = PBXFrameworksBuildPhase;
			buildActionMask = 2147483647;
			files = (
				5212EAE9296575170084B95E /* Then in Frameworks */,
				5212EAEC296575210084B95E /* SnapKit in Frameworks */,
				5212EAEF2965752F0084B95E /* Moya in Frameworks */,
				5212EAF2296575490084B95E /* Lottie in Frameworks */,
			);
			runOnlyForDeploymentPostprocessing = 0;
		};
/* End PBXFrameworksBuildPhase section */

/* Begin PBXGroup section */
		0346A2EC2964126000E37FD2 /* InfoSetting */ = {
			isa = PBXGroup;
			children = (
				52625C4D29696971007F483D /* Common */,
				52625C4E2969698A007F483D /* Info */,
				52625C4F2969698E007F483D /* Setting */,
			);
			path = InfoSetting;
			sourceTree = "<group>";
		};
		0346A3032965906B00E37FD2 /* ViewController */ = {
			isa = PBXGroup;
			children = (
				AB3D5B50296828E800105FC9 /* FirstInfoViewController.swift */,
				033E7F722965C2FB0051B349 /* SecondInfoViewController.swift */,
			);
			path = ViewController;
			sourceTree = "<group>";
		};
		03AF5DF0296B2534004598EF /* View */ = {
			isa = PBXGroup;
			children = (
				03AF5DF1296B2560004598EF /* WeekWeatherView.swift */,
				03AF5DFA296C1AA4004598EF /* WeekWeatherHeaderView.swift */,
			);
			path = View;
			sourceTree = "<group>";
		};
		03AF5DF5296B4119004598EF /* Cell */ = {
			isa = PBXGroup;
			children = (
				03AF5DF6296B413A004598EF /* WeekWeatherCollectionViewCell.swift */,
			);
			path = Cell;
			sourceTree = "<group>";
		};
		5212EAD7296493090084B95E /* ViewController */ = {
			isa = PBXGroup;
			children = (
				5212EAD9296493380084B95E /* TodayWeatherViewController.swift */,
			);
			path = ViewController;
			sourceTree = "<group>";
		};
		5212EADB296496AF0084B95E /* View */ = {
			isa = PBXGroup;
			children = (
				5212EADC296496DD0084B95E /* LocationView.swift */,
			);
			path = View;
			sourceTree = "<group>";
		};
		5213176A2963F65B009371E1 /* View */ = {
			isa = PBXGroup;
			children = (
				52D6A38C2961A08D00BF4287 /* SideMenuView.swift */,
			);
			path = View;
			sourceTree = "<group>";
		};
		5213176B2963F65F009371E1 /* Cell */ = {
			isa = PBXGroup;
			children = (
				5213176C2963F6D0009371E1 /* MenuTableViewCell.swift */,
			);
			path = Cell;
			sourceTree = "<group>";
		};
		52131775296413F5009371E1 /* ReusableView */ = {
			isa = PBXGroup;
			children = (
				5213177629641479009371E1 /* MenuLineHeaderView.swift */,
			);
			path = ReusableView;
			sourceTree = "<group>";
		};
		523BB07F295D697C0004B343 /* StyleGuide */ = {
			isa = PBXGroup;
			children = (
				523BB080295D69990004B343 /* FontLevel.swift */,
			);
			path = StyleGuide;
			sourceTree = "<group>";
		};
		5257E55029707955000DA5BE /* TodayWeatherDetail */ = {
			isa = PBXGroup;
			children = (
				AB8D80EC29712D230096E333 /* DetailWeatherResponse.swift */,
				AB8D80EE29712D570096E333 /* DetailTempRespone.swift */,
				AB03CA97296EE52300D81A2D /* DetailRainResponse.swift */,
			);
			path = TodayWeatherDetail;
			sourceTree = "<group>";
		};
		5257E55129709310000DA5BE /* ViewController */ = {
			isa = PBXGroup;
			children = (
				52625C59296B1E68007F483D /* WeekWeatherViewController.swift */,
			);
			path = ViewController;
			sourceTree = "<group>";
		};
		52625C482968682A007F483D /* CustomClass */ = {
			isa = PBXGroup;
			children = (
				52625C46296805B7007F483D /* PaddingLabel.swift */,
				033BF9912969669D008B5BFB /* CheckButton.swift */,
			);
			path = CustomClass;
			sourceTree = "<group>";
		};
		52625C4D29696971007F483D /* Common */ = {
			isa = PBXGroup;
			children = (
				52625C5429698EBB007F483D /* Cell */,
				52625C5029696DA3007F483D /* ViewController */,
			);
			path = Common;
			sourceTree = "<group>";
		};
		52625C4E2969698A007F483D /* Info */ = {
			isa = PBXGroup;
			children = (
				0346A3032965906B00E37FD2 /* ViewController */,
			);
			path = Info;
			sourceTree = "<group>";
		};
		52625C4F2969698E007F483D /* Setting */ = {
			isa = PBXGroup;
			children = (
				AB3D5B3F2967ED7100105FC9 /* Cell */,
				AB3D5B3E2967ED2100105FC9 /* ViewController */,
				AB3D5B432967F38000105FC9 /* Model */,
			);
			path = Setting;
			sourceTree = "<group>";
		};
		52625C5029696DA3007F483D /* ViewController */ = {
			isa = PBXGroup;
			children = (
				AB3D5B562968909A00105FC9 /* SettingBaseViewController.swift */,
				033E7F702965A8560051B349 /* ListInfoViewController.swift */,
				033E7F742965DA2A0051B349 /* TimeInfoViewController.swift */,
			);
			path = ViewController;
			sourceTree = "<group>";
		};
		52625C5429698EBB007F483D /* Cell */ = {
			isa = PBXGroup;
			children = (
				0346A2F729644B7600E37FD2 /* EnterInfoCollectionViewCell.swift */,
				0346A30129658F3000E37FD2 /* ListTableViewCell.swift */,
			);
			path = Cell;
			sourceTree = "<group>";
		};
		52625C58296B1A21007F483D /* WeekWeather */ = {
			isa = PBXGroup;
			children = (
				03AF5DF5296B4119004598EF /* Cell */,
				03AF5DF0296B2534004598EF /* View */,
				5257E55129709310000DA5BE /* ViewController */,
			);
			path = WeekWeather;
			sourceTree = "<group>";
		};
		52C2FD4A296DD274002D53FB /* TodayWeather */ = {
			isa = PBXGroup;
			children = (
				52C2FD56296EAB97002D53FB /* TodayWeatherService.swift */,
			);
			path = TodayWeather;
			sourceTree = "<group>";
		};
		52C2FD4E296E8859002D53FB /* TodayWeatherDetail */ = {
			isa = PBXGroup;
			children = (
				52C2FD58296EABA0002D53FB /* TodayWeatherDetailService.swift */,
			);
			path = TodayWeatherDetail;
			sourceTree = "<group>";
		};
		52C2FD4F296E8876002D53FB /* User */ = {
			isa = PBXGroup;
			children = (
				52C2FD50296EA8AE002D53FB /* UserService.swift */,
			);
			path = User;
			sourceTree = "<group>";
		};
		52C2FD5C296EAD45002D53FB /* User */ = {
			isa = PBXGroup;
			children = (
				52C2FD61296EBA54002D53FB /* CheckUserResponse.swift */,
				52C2FD5D296EB016002D53FB /* PostUserRequest.swift */,
				52C2FD5F296EB9A4002D53FB /* PostUserResponse.swift */,
			);
			path = User;
			sourceTree = "<group>";
		};
		52C2FD66296F54CF002D53FB /* TodayWeather */ = {
			isa = PBXGroup;
			children = (
				AB8D80EA297051650096E333 /* TodayWeatherResponse.swift */,
				0305ACDF29707624008CAA4E /* TodayWeatherQuestionResponse.swift */,
			);
			path = TodayWeather;
			sourceTree = "<group>";
		};
		52CBA498295C7BBA00DE6AE9 /* Foundation */ = {
			isa = PBXGroup;
			children = (
				52CBA49C295C7F4C00DE6AE9 /* APIConst.swift */,
				52CBA4AD295C891200DE6AE9 /* GerneralResponse.swift */,
				52CBA4A8295C881400DE6AE9 /* NetworkLoggerPlugin.swift */,
				52CBA499295C7BD800DE6AE9 /* URLConst.swift */,
			);
			path = Foundation;
			sourceTree = "<group>";
		};
		52CBA49B295C7E9700DE6AE9 /* APIService */ = {
			isa = PBXGroup;
			children = (
				52C2FD4F296E8876002D53FB /* User */,
				52C2FD4A296DD274002D53FB /* TodayWeather */,
				52C2FD4E296E8859002D53FB /* TodayWeatherDetail */,
			);
			path = APIService;
			sourceTree = "<group>";
		};
		52CBA4A3295C833F00DE6AE9 /* Model */ = {
			isa = PBXGroup;
			children = (
				52625C412967E00A007F483D /* FirstTodayWeatherData.swift */,
				ABA6C542296DBB4A0077E246 /* SecondTodayWeather.swift */,
				ABA6C540296D800E0077E246 /* DetailRain.swift */,
				AB05A343296D43BF0064CE1F /* DetailTemp.swift */,
				52C2FD64296EC175002D53FB /* User.swift */,
				52625C552969B2AF007F483D /* UserInfo.swift */,
				0305ACDD2970748A008CAA4E /* WeatherQuestionModel.swift */,
				0305ACE12970855D008CAA4E /* WeatherWeekModel.swift */,
			);
			path = Model;
			sourceTree = "<group>";
		};
		52CBA4A4295C836900DE6AE9 /* DTO */ = {
			isa = PBXGroup;
			children = (
				5257E55029707955000DA5BE /* TodayWeatherDetail */,
				52C2FD66296F54CF002D53FB /* TodayWeather */,
				52C2FD5C296EAD45002D53FB /* User */,
			);
			path = DTO;
			sourceTree = "<group>";
		};
		52D6A3772961571A00BF4287 /* Gif */ = {
			isa = PBXGroup;
			children = (
				52D6A3782961573200BF4287 /* splash.json */,
			);
			path = Gif;
			sourceTree = "<group>";
		};
		52D6A3882961A00700BF4287 /* SideMenu */ = {
			isa = PBXGroup;
			children = (
				5213176B2963F65F009371E1 /* Cell */,
				52131775296413F5009371E1 /* ReusableView */,
				5213176A2963F65B009371E1 /* View */,
			);
			path = SideMenu;
			sourceTree = "<group>";
		};
		52D6A3892961A03D00BF4287 /* Splash */ = {
			isa = PBXGroup;
			children = (
				52D6A37A296157CE00BF4287 /* SplashViewController.swift */,
			);
			path = Splash;
			sourceTree = "<group>";
		};
		52D6A38A2961A04C00BF4287 /* Base */ = {
			isa = PBXGroup;
			children = (
				5212EADB296496AF0084B95E /* View */,
				52D6A38B2961A06100BF4287 /* ViewController */,
			);
			path = Base;
			sourceTree = "<group>";
		};
		52D6A38B2961A06100BF4287 /* ViewController */ = {
			isa = PBXGroup;
			children = (
				5212EADE29649C950084B95E /* BaseLocationViewController.swift */,
				52FBA6AE295590D500F263B3 /* BaseViewController.swift */,
			);
			path = ViewController;
			sourceTree = "<group>";
		};
		52FBA69E295590D500F263B3 = {
			isa = PBXGroup;
			children = (
				52FBA6A9295590D500F263B3 /* ShortWeather */,
				52FBA6A8295590D500F263B3 /* Products */,
			);
			sourceTree = "<group>";
		};
		52FBA6A8295590D500F263B3 /* Products */ = {
			isa = PBXGroup;
			children = (
				52FBA6A7295590D500F263B3 /* ShortWeather.app */,
			);
			name = Products;
			sourceTree = "<group>";
		};
		52FBA6A9295590D500F263B3 /* ShortWeather */ = {
			isa = PBXGroup;
			children = (
				52FBA6CB2955B8D500F263B3 /* Application */,
				52FBA6CD2955B8F900F263B3 /* Data */,
				52FBA6CE2955B90A00F263B3 /* Network */,
				52FBA6CC2955B8E700F263B3 /* Presentation */,
				52FBA6CA2955B8CE00F263B3 /* Resource */,
				52FBA6D62955C67B00F263B3 /* Util */,
			);
			path = ShortWeather;
			sourceTree = "<group>";
		};
		52FBA6CA2955B8CE00F263B3 /* Resource */ = {
			isa = PBXGroup;
			children = (
				52FBA6D32955BC6500F263B3 /* AssetCatalog */,
				52FBA6D42955BC9400F263B3 /* Font */,
				52D6A3772961571A00BF4287 /* Gif */,
				52FBA6B8295590D700F263B3 /* Info.plist */,
				52FBA6B5295590D700F263B3 /* LaunchScreen.storyboard */,
			);
			path = Resource;
			sourceTree = "<group>";
		};
		52FBA6CB2955B8D500F263B3 /* Application */ = {
			isa = PBXGroup;
			children = (
				52FBA6AA295590D500F263B3 /* AppDelegate.swift */,
				52FBA6AC295590D500F263B3 /* SceneDelegate.swift */,
			);
			path = Application;
			sourceTree = "<group>";
		};
		52FBA6CC2955B8E700F263B3 /* Presentation */ = {
			isa = PBXGroup;
			children = (
				52FBA6D92955C85300F263B3 /* Common */,
				0346A2EC2964126000E37FD2 /* InfoSetting */,
				AB09FF602962BB0B004C54EE /* TodayWeather */,
				52625C58296B1A21007F483D /* WeekWeather */,
			);
			path = Presentation;
			sourceTree = "<group>";
		};
		52FBA6CD2955B8F900F263B3 /* Data */ = {
			isa = PBXGroup;
			children = (
				52CBA4A4295C836900DE6AE9 /* DTO */,
				52CBA4A3295C833F00DE6AE9 /* Model */,
			);
			path = Data;
			sourceTree = "<group>";
		};
		52FBA6CE2955B90A00F263B3 /* Network */ = {
			isa = PBXGroup;
			children = (
				52CBA49B295C7E9700DE6AE9 /* APIService */,
				52CBA498295C7BBA00DE6AE9 /* Foundation */,
			);
			path = Network;
			sourceTree = "<group>";
		};
		52FBA6D32955BC6500F263B3 /* AssetCatalog */ = {
			isa = PBXGroup;
			children = (
				52FBA6B3295590D700F263B3 /* Assets.xcassets */,
				52FBA6CF2955BC3B00F263B3 /* Color.xcassets */,
				52FBA6D12955BC4E00F263B3 /* Image.xcassets */,
			);
			path = AssetCatalog;
			sourceTree = "<group>";
		};
		52FBA6D42955BC9400F263B3 /* Font */ = {
			isa = PBXGroup;
			children = (
				52D9F2CB2961C6C40009E6F8 /* Pretendard-Bold.otf */,
				52D9F2CC2961C6C50009E6F8 /* Pretendard-Medium.otf */,
				52D9F2CA2961C6C40009E6F8 /* Pretendard-Regular.otf */,
				52D9F2C92961C6C40009E6F8 /* Pretendard-SemiBold.otf */,
			);
			path = Font;
			sourceTree = "<group>";
		};
		52FBA6D62955C67B00F263B3 /* Util */ = {
			isa = PBXGroup;
			children = (
				52625C482968682A007F483D /* CustomClass */,
				52FBA6D82955C69D00F263B3 /* Extension */,
				52FBA6D72955C68B00F263B3 /* NameSpace */,
				523BB07F295D697C0004B343 /* StyleGuide */,
			);
			path = Util;
			sourceTree = "<group>";
		};
		52FBA6D72955C68B00F263B3 /* NameSpace */ = {
			isa = PBXGroup;
			children = (
				523BB084295D735D0004B343 /* Color.swift */,
				52C2FD4B296E846B002D53FB /* DataKey.swift */,
				523BB082295D73350004B343 /* Image.swift */,
				521317682963F313009371E1 /* Letter.swift */,
				52CBA4BC295C8EC800DE6AE9 /* PretendardType.swift */,
			);
			path = NameSpace;
			sourceTree = "<group>";
		};
		52FBA6D82955C69D00F263B3 /* Extension */ = {
			isa = PBXGroup;
			children = (
				52D6A38E2961A2F800BF4287 /* CGFloat +.swift */,
				52CBA4A6295C865A00DE6AE9 /* Encodable +.swift */,
				52C2FD48296DC18F002D53FB /* Int +.swift */,
				521317712963F934009371E1 /* NSObject +.swift */,
				ABA6C546296E7D5C0077E246 /* String +.swift */,
				AB102EB629655CA400BEBF90 /* UIButton +.swift */,
				521317732963F9D5009371E1 /* UICollectionView +.swift */,
				52CBA496295C774A00DE6AE9 /* UIFont +.swift */,
				52625C3F2967DDF9007F483D /* UILabel +.swift */,
				521317652962B5CA009371E1 /* UIStackView +.swift */,
				5213176F2963F8B2009371E1 /* UITableView +.swift */,
				521317632962B5A2009371E1 /* UIView +.swift */,
				52D6A37F2961653000BF4287 /* UIViewController +.swift */,
			);
			path = Extension;
			sourceTree = "<group>";
		};
		52FBA6D92955C85300F263B3 /* Common */ = {
			isa = PBXGroup;
			children = (
				52D6A38A2961A04C00BF4287 /* Base */,
				52D6A3882961A00700BF4287 /* SideMenu */,
				52D6A3892961A03D00BF4287 /* Splash */,
			);
			path = Common;
			sourceTree = "<group>";
		};
		AB09FF602962BB0B004C54EE /* TodayWeather */ = {
			isa = PBXGroup;
			children = (
				AB868C352963D43500A9AF94 /* Cell */,
				AB09FF6629630D2A004C54EE /* View */,
				5212EAD7296493090084B95E /* ViewController */,
			);
			path = TodayWeather;
			sourceTree = "<group>";
		};
		AB09FF6629630D2A004C54EE /* View */ = {
			isa = PBXGroup;
			children = (
				5212EAE32965636B0084B95E /* FirstTodayWeatherView.swift */,
				AB09FF612962BB2C004C54EE /* SecondTodayWeatherView.swift */,
			);
			path = View;
			sourceTree = "<group>";
		};
		AB2590CA2964761A008FEC2A /* TableViewCell */ = {
			isa = PBXGroup;
			children = (
				AB868C362963D5F300A9AF94 /* CommuteTableViewCell.swift */,
				AB2590C5296427A2008FEC2A /* TimeTableViewCell.swift */,
				AB2590CC29647C55008FEC2A /* TodayTableViewCell.swift */,
			);
			path = TableViewCell;
			sourceTree = "<group>";
		};
		AB2590CB2964762A008FEC2A /* CollectionViewCell */ = {
			isa = PBXGroup;
			children = (
				AB2590C82964522A008FEC2A /* HourCollectionViewCell.swift */,
				52625C432967F62B007F483D /* ReportCollectionViewCell.swift */,
				5212EAE12964AD4E0084B95E /* TodayWeatherCollectionViewCell.swift */,
			);
			path = CollectionViewCell;
			sourceTree = "<group>";
		};
		AB3D5B3E2967ED2100105FC9 /* ViewController */ = {
			isa = PBXGroup;
			children = (
				AB3D5B3C2967E86700105FC9 /* SettingViewController.swift */,
				AB3D5B4C29681C9200105FC9 /* CommuteTimeViewController.swift */,
				AB3D5B462967F69600105FC9 /* AlarmSettingViewController.swift */,
				AB3D5B4E29681CBA00105FC9 /* WakeUpTimeViewController.swift */,
			);
			path = ViewController;
			sourceTree = "<group>";
		};
		AB3D5B3F2967ED7100105FC9 /* Cell */ = {
			isa = PBXGroup;
			children = (
				AB3D5B402967ED8400105FC9 /* SettingTableViewCell.swift */,
				AB3D5B482968084000105FC9 /* AlarmTableViewCell.swift */,
			);
			path = Cell;
			sourceTree = "<group>";
		};
		AB3D5B432967F38000105FC9 /* Model */ = {
			isa = PBXGroup;
			children = (
				AB3D5B4A29680EEF00105FC9 /* AlarmSetting.swift */,
			);
			path = Model;
			sourceTree = "<group>";
		};
		AB868C352963D43500A9AF94 /* Cell */ = {
			isa = PBXGroup;
			children = (
				AB09FF6829630D7A004C54EE /* WeatherTableViewCellType.swift */,
				AB2590CA2964761A008FEC2A /* TableViewCell */,
				AB2590CB2964762A008FEC2A /* CollectionViewCell */,
			);
			path = Cell;
			sourceTree = "<group>";
		};
/* End PBXGroup section */

/* Begin PBXNativeTarget section */
		52FBA6A6295590D500F263B3 /* ShortWeather */ = {
			isa = PBXNativeTarget;
			buildConfigurationList = 52FBA6BB295590D700F263B3 /* Build configuration list for PBXNativeTarget "ShortWeather" */;
			buildPhases = (
				52FBA6A3295590D500F263B3 /* Sources */,
				52FBA6A4295590D500F263B3 /* Frameworks */,
				52FBA6A5295590D500F263B3 /* Resources */,
			);
			buildRules = (
			);
			dependencies = (
			);
			name = ShortWeather;
			packageProductDependencies = (
				5212EAE8296575170084B95E /* Then */,
				5212EAEB296575210084B95E /* SnapKit */,
				5212EAEE2965752F0084B95E /* Moya */,
				5212EAF1296575490084B95E /* Lottie */,
			);
			productName = ShortWeather;
			productReference = 52FBA6A7295590D500F263B3 /* ShortWeather.app */;
			productType = "com.apple.product-type.application";
		};
/* End PBXNativeTarget section */

/* Begin PBXProject section */
		52FBA69F295590D500F263B3 /* Project object */ = {
			isa = PBXProject;
			attributes = {
				BuildIndependentTargetsInParallel = 1;
				LastSwiftUpdateCheck = 1420;
				LastUpgradeCheck = 1420;
				TargetAttributes = {
					52FBA6A6295590D500F263B3 = {
						CreatedOnToolsVersion = 14.2;
					};
				};
			};
			buildConfigurationList = 52FBA6A2295590D500F263B3 /* Build configuration list for PBXProject "ShortWeather" */;
			compatibilityVersion = "Xcode 14.0";
			developmentRegion = en;
			hasScannedForEncodings = 0;
			knownRegions = (
				en,
				Base,
			);
			mainGroup = 52FBA69E295590D500F263B3;
			packageReferences = (
				5212EAE7296575170084B95E /* XCRemoteSwiftPackageReference "Then" */,
				5212EAEA296575210084B95E /* XCRemoteSwiftPackageReference "SnapKit" */,
				5212EAED2965752F0084B95E /* XCRemoteSwiftPackageReference "Moya" */,
				5212EAF0296575490084B95E /* XCRemoteSwiftPackageReference "lottie-ios" */,
			);
			productRefGroup = 52FBA6A8295590D500F263B3 /* Products */;
			projectDirPath = "";
			projectRoot = "";
			targets = (
				52FBA6A6295590D500F263B3 /* ShortWeather */,
			);
		};
/* End PBXProject section */

/* Begin PBXResourcesBuildPhase section */
		52FBA6A5295590D500F263B3 /* Resources */ = {
			isa = PBXResourcesBuildPhase;
			buildActionMask = 2147483647;
			files = (
				52FBA6B7295590D700F263B3 /* LaunchScreen.storyboard in Resources */,
				52D9F2D02961C6C50009E6F8 /* Pretendard-Medium.otf in Resources */,
				52FBA6D22955BC4E00F263B3 /* Image.xcassets in Resources */,
				52D9F2CD2961C6C50009E6F8 /* Pretendard-SemiBold.otf in Resources */,
				52D6A3792961573200BF4287 /* splash.json in Resources */,
				52FBA6B4295590D700F263B3 /* Assets.xcassets in Resources */,
				52D9F2CE2961C6C50009E6F8 /* Pretendard-Regular.otf in Resources */,
				52FBA6D02955BC3B00F263B3 /* Color.xcassets in Resources */,
				52D9F2CF2961C6C50009E6F8 /* Pretendard-Bold.otf in Resources */,
			);
			runOnlyForDeploymentPostprocessing = 0;
		};
/* End PBXResourcesBuildPhase section */

/* Begin PBXSourcesBuildPhase section */
		52FBA6A3295590D500F263B3 /* Sources */ = {
			isa = PBXSourcesBuildPhase;
			buildActionMask = 2147483647;
			files = (
				52CBA497295C774A00DE6AE9 /* UIFont +.swift in Sources */,
				5213177729641479009371E1 /* MenuLineHeaderView.swift in Sources */,
				52C2FD57296EAB97002D53FB /* TodayWeatherService.swift in Sources */,
				521317722963F934009371E1 /* NSObject +.swift in Sources */,
				ABA6C547296E7D5C0077E246 /* String +.swift in Sources */,
				52FBA6AF295590D500F263B3 /* BaseViewController.swift in Sources */,
				52CBA4A7295C865A00DE6AE9 /* Encodable +.swift in Sources */,
				AB868C372963D5F300A9AF94 /* CommuteTableViewCell.swift in Sources */,
				AB8D80ED29712D230096E333 /* DetailWeatherResponse.swift in Sources */,
				523BB083295D73350004B343 /* Image.swift in Sources */,
				AB09FF622962BB2C004C54EE /* SecondTodayWeatherView.swift in Sources */,
				AB05A344296D43BF0064CE1F /* DetailTemp.swift in Sources */,
				523BB085295D735D0004B343 /* Color.swift in Sources */,
				52D6A38D2961A08D00BF4287 /* SideMenuView.swift in Sources */,
				033E7F712965A8560051B349 /* ListInfoViewController.swift in Sources */,
				52CBA4BD295C8EC800DE6AE9 /* PretendardType.swift in Sources */,
				52C2FD60296EB9A4002D53FB /* PostUserResponse.swift in Sources */,
				5212EAE42965636B0084B95E /* FirstTodayWeatherView.swift in Sources */,
				AB3D5B572968909A00105FC9 /* SettingBaseViewController.swift in Sources */,
				AB3D5B4F29681CBA00105FC9 /* WakeUpTimeViewController.swift in Sources */,
				AB3D5B412967ED8400105FC9 /* SettingTableViewCell.swift in Sources */,
				033E7F732965C2FB0051B349 /* SecondInfoViewController.swift in Sources */,
				52D6A38F2961A2F800BF4287 /* CGFloat +.swift in Sources */,
				5213176D2963F6D0009371E1 /* MenuTableViewCell.swift in Sources */,
				521317742963F9D5009371E1 /* UICollectionView +.swift in Sources */,
				AB3D5B472967F69600105FC9 /* AlarmSettingViewController.swift in Sources */,
				521317692963F313009371E1 /* Letter.swift in Sources */,
				033BF9922969669D008B5BFB /* CheckButton.swift in Sources */,
				5212EADF29649C950084B95E /* BaseLocationViewController.swift in Sources */,
				AB3D5B492968084000105FC9 /* AlarmTableViewCell.swift in Sources */,
				521317642962B5A3009371E1 /* UIView +.swift in Sources */,
				52C2FD51296EA8AE002D53FB /* UserService.swift in Sources */,
				52625C402967DDF9007F483D /* UILabel +.swift in Sources */,
				52C2FD49296DC18F002D53FB /* Int +.swift in Sources */,
				033E7F752965DA2A0051B349 /* TimeInfoViewController.swift in Sources */,
				AB2590C6296427A2008FEC2A /* TimeTableViewCell.swift in Sources */,
				AB8D80EF29712D570096E333 /* DetailTempRespone.swift in Sources */,
				AB3D5B51296828E800105FC9 /* FirstInfoViewController.swift in Sources */,
				52CBA4AE295C891200DE6AE9 /* GerneralResponse.swift in Sources */,
				5212EAE22964AD4E0084B95E /* TodayWeatherCollectionViewCell.swift in Sources */,
				0305ACDE2970748A008CAA4E /* WeatherQuestionModel.swift in Sources */,
				52C2FD65296EC175002D53FB /* User.swift in Sources */,
				03AF5DF2296B2560004598EF /* WeekWeatherView.swift in Sources */,
				52FBA6AB295590D500F263B3 /* AppDelegate.swift in Sources */,
				AB102EB729655CA400BEBF90 /* UIButton +.swift in Sources */,
				52D6A3802961653000BF4287 /* UIViewController +.swift in Sources */,
				0346A2F829644B7600E37FD2 /* EnterInfoCollectionViewCell.swift in Sources */,
				52C2FD62296EBA54002D53FB /* CheckUserResponse.swift in Sources */,
				AB3D5B4B29680EEF00105FC9 /* AlarmSetting.swift in Sources */,
				AB2590CD29647C55008FEC2A /* TodayTableViewCell.swift in Sources */,
				AB3D5B3D2967E86700105FC9 /* SettingViewController.swift in Sources */,
				52625C5A296B1E68007F483D /* WeekWeatherViewController.swift in Sources */,
				ABA6C543296DBB4A0077E246 /* SecondTodayWeather.swift in Sources */,
				52CBA49D295C7F4C00DE6AE9 /* APIConst.swift in Sources */,
				0346A30229658F3000E37FD2 /* ListTableViewCell.swift in Sources */,
				52625C47296805B7007F483D /* PaddingLabel.swift in Sources */,
				52CBA4A9295C881400DE6AE9 /* NetworkLoggerPlugin.swift in Sources */,
				52C2FD4C296E846B002D53FB /* DataKey.swift in Sources */,
				AB8D80EB297051650096E333 /* TodayWeatherResponse.swift in Sources */,
				521317702963F8B2009371E1 /* UITableView +.swift in Sources */,
				5212EADD296496DD0084B95E /* LocationView.swift in Sources */,
				5212EADA296493380084B95E /* TodayWeatherViewController.swift in Sources */,
				521317662962B5CA009371E1 /* UIStackView +.swift in Sources */,
				52625C442967F62B007F483D /* ReportCollectionViewCell.swift in Sources */,
				03AF5DF7296B413A004598EF /* WeekWeatherCollectionViewCell.swift in Sources */,
				ABA6C541296D800E0077E246 /* DetailRain.swift in Sources */,
				52C2FD5E296EB016002D53FB /* PostUserRequest.swift in Sources */,
				03AF5DFB296C1AA4004598EF /* WeekWeatherHeaderView.swift in Sources */,
				AB03CA98296EE52300D81A2D /* DetailRainResponse.swift in Sources */,
				52625C422967E00A007F483D /* FirstTodayWeatherData.swift in Sources */,
				AB09FF6929630D7A004C54EE /* WeatherTableViewCellType.swift in Sources */,
				0305ACE029707624008CAA4E /* TodayWeatherQuestionResponse.swift in Sources */,
				523BB081295D69990004B343 /* FontLevel.swift in Sources */,
				AB2590C92964522A008FEC2A /* HourCollectionViewCell.swift in Sources */,
				52625C562969B2AF007F483D /* UserInfo.swift in Sources */,
				0305ACE22970855D008CAA4E /* WeatherWeekModel.swift in Sources */,
				52FBA6AD295590D500F263B3 /* SceneDelegate.swift in Sources */,
				52CBA49A295C7BD800DE6AE9 /* URLConst.swift in Sources */,
				AB3D5B4D29681C9200105FC9 /* CommuteTimeViewController.swift in Sources */,
				52C2FD59296EABA0002D53FB /* TodayWeatherDetailService.swift in Sources */,
				52D6A37B296157CE00BF4287 /* SplashViewController.swift in Sources */,
			);
			runOnlyForDeploymentPostprocessing = 0;
		};
/* End PBXSourcesBuildPhase section */

/* Begin PBXVariantGroup section */
		52FBA6B5295590D700F263B3 /* LaunchScreen.storyboard */ = {
			isa = PBXVariantGroup;
			children = (
				52FBA6B6295590D700F263B3 /* Base */,
			);
			name = LaunchScreen.storyboard;
			sourceTree = "<group>";
		};
/* End PBXVariantGroup section */

/* Begin XCBuildConfiguration section */
		52FBA6B9295590D700F263B3 /* Debug */ = {
			isa = XCBuildConfiguration;
			buildSettings = {
				ALWAYS_SEARCH_USER_PATHS = NO;
				CLANG_ANALYZER_NONNULL = YES;
				CLANG_ANALYZER_NUMBER_OBJECT_CONVERSION = YES_AGGRESSIVE;
				CLANG_CXX_LANGUAGE_STANDARD = "gnu++20";
				CLANG_ENABLE_MODULES = YES;
				CLANG_ENABLE_OBJC_ARC = YES;
				CLANG_ENABLE_OBJC_WEAK = YES;
				CLANG_WARN_BLOCK_CAPTURE_AUTORELEASING = YES;
				CLANG_WARN_BOOL_CONVERSION = YES;
				CLANG_WARN_COMMA = YES;
				CLANG_WARN_CONSTANT_CONVERSION = YES;
				CLANG_WARN_DEPRECATED_OBJC_IMPLEMENTATIONS = YES;
				CLANG_WARN_DIRECT_OBJC_ISA_USAGE = YES_ERROR;
				CLANG_WARN_DOCUMENTATION_COMMENTS = YES;
				CLANG_WARN_EMPTY_BODY = YES;
				CLANG_WARN_ENUM_CONVERSION = YES;
				CLANG_WARN_INFINITE_RECURSION = YES;
				CLANG_WARN_INT_CONVERSION = YES;
				CLANG_WARN_NON_LITERAL_NULL_CONVERSION = YES;
				CLANG_WARN_OBJC_IMPLICIT_RETAIN_SELF = YES;
				CLANG_WARN_OBJC_LITERAL_CONVERSION = YES;
				CLANG_WARN_OBJC_ROOT_CLASS = YES_ERROR;
				CLANG_WARN_QUOTED_INCLUDE_IN_FRAMEWORK_HEADER = YES;
				CLANG_WARN_RANGE_LOOP_ANALYSIS = YES;
				CLANG_WARN_STRICT_PROTOTYPES = YES;
				CLANG_WARN_SUSPICIOUS_MOVE = YES;
				CLANG_WARN_UNGUARDED_AVAILABILITY = YES_AGGRESSIVE;
				CLANG_WARN_UNREACHABLE_CODE = YES;
				CLANG_WARN__DUPLICATE_METHOD_MATCH = YES;
				COPY_PHASE_STRIP = NO;
				DEBUG_INFORMATION_FORMAT = dwarf;
				ENABLE_STRICT_OBJC_MSGSEND = YES;
				ENABLE_TESTABILITY = YES;
				GCC_C_LANGUAGE_STANDARD = gnu11;
				GCC_DYNAMIC_NO_PIC = NO;
				GCC_NO_COMMON_BLOCKS = YES;
				GCC_OPTIMIZATION_LEVEL = 0;
				GCC_PREPROCESSOR_DEFINITIONS = (
					"DEBUG=1",
					"$(inherited)",
				);
				GCC_WARN_64_TO_32_BIT_CONVERSION = YES;
				GCC_WARN_ABOUT_RETURN_TYPE = YES_ERROR;
				GCC_WARN_UNDECLARED_SELECTOR = YES;
				GCC_WARN_UNINITIALIZED_AUTOS = YES_AGGRESSIVE;
				GCC_WARN_UNUSED_FUNCTION = YES;
				GCC_WARN_UNUSED_VARIABLE = YES;
				IPHONEOS_DEPLOYMENT_TARGET = 16.2;
				MTL_ENABLE_DEBUG_INFO = INCLUDE_SOURCE;
				MTL_FAST_MATH = YES;
				ONLY_ACTIVE_ARCH = YES;
				SDKROOT = iphoneos;
				SWIFT_ACTIVE_COMPILATION_CONDITIONS = DEBUG;
				SWIFT_OPTIMIZATION_LEVEL = "-Onone";
			};
			name = Debug;
		};
		52FBA6BA295590D700F263B3 /* Release */ = {
			isa = XCBuildConfiguration;
			buildSettings = {
				ALWAYS_SEARCH_USER_PATHS = NO;
				CLANG_ANALYZER_NONNULL = YES;
				CLANG_ANALYZER_NUMBER_OBJECT_CONVERSION = YES_AGGRESSIVE;
				CLANG_CXX_LANGUAGE_STANDARD = "gnu++20";
				CLANG_ENABLE_MODULES = YES;
				CLANG_ENABLE_OBJC_ARC = YES;
				CLANG_ENABLE_OBJC_WEAK = YES;
				CLANG_WARN_BLOCK_CAPTURE_AUTORELEASING = YES;
				CLANG_WARN_BOOL_CONVERSION = YES;
				CLANG_WARN_COMMA = YES;
				CLANG_WARN_CONSTANT_CONVERSION = YES;
				CLANG_WARN_DEPRECATED_OBJC_IMPLEMENTATIONS = YES;
				CLANG_WARN_DIRECT_OBJC_ISA_USAGE = YES_ERROR;
				CLANG_WARN_DOCUMENTATION_COMMENTS = YES;
				CLANG_WARN_EMPTY_BODY = YES;
				CLANG_WARN_ENUM_CONVERSION = YES;
				CLANG_WARN_INFINITE_RECURSION = YES;
				CLANG_WARN_INT_CONVERSION = YES;
				CLANG_WARN_NON_LITERAL_NULL_CONVERSION = YES;
				CLANG_WARN_OBJC_IMPLICIT_RETAIN_SELF = YES;
				CLANG_WARN_OBJC_LITERAL_CONVERSION = YES;
				CLANG_WARN_OBJC_ROOT_CLASS = YES_ERROR;
				CLANG_WARN_QUOTED_INCLUDE_IN_FRAMEWORK_HEADER = YES;
				CLANG_WARN_RANGE_LOOP_ANALYSIS = YES;
				CLANG_WARN_STRICT_PROTOTYPES = YES;
				CLANG_WARN_SUSPICIOUS_MOVE = YES;
				CLANG_WARN_UNGUARDED_AVAILABILITY = YES_AGGRESSIVE;
				CLANG_WARN_UNREACHABLE_CODE = YES;
				CLANG_WARN__DUPLICATE_METHOD_MATCH = YES;
				COPY_PHASE_STRIP = NO;
				DEBUG_INFORMATION_FORMAT = "dwarf-with-dsym";
				ENABLE_NS_ASSERTIONS = NO;
				ENABLE_STRICT_OBJC_MSGSEND = YES;
				GCC_C_LANGUAGE_STANDARD = gnu11;
				GCC_NO_COMMON_BLOCKS = YES;
				GCC_WARN_64_TO_32_BIT_CONVERSION = YES;
				GCC_WARN_ABOUT_RETURN_TYPE = YES_ERROR;
				GCC_WARN_UNDECLARED_SELECTOR = YES;
				GCC_WARN_UNINITIALIZED_AUTOS = YES_AGGRESSIVE;
				GCC_WARN_UNUSED_FUNCTION = YES;
				GCC_WARN_UNUSED_VARIABLE = YES;
				IPHONEOS_DEPLOYMENT_TARGET = 16.2;
				MTL_ENABLE_DEBUG_INFO = NO;
				MTL_FAST_MATH = YES;
				SDKROOT = iphoneos;
				SWIFT_COMPILATION_MODE = wholemodule;
				SWIFT_OPTIMIZATION_LEVEL = "-O";
				VALIDATE_PRODUCT = YES;
			};
			name = Release;
		};
		52FBA6BC295590D700F263B3 /* Debug */ = {
			isa = XCBuildConfiguration;
			buildSettings = {
				ASSETCATALOG_COMPILER_APPICON_NAME = AppIcon;
				ASSETCATALOG_COMPILER_GLOBAL_ACCENT_COLOR_NAME = AccentColor;
				CODE_SIGN_STYLE = Automatic;
				CURRENT_PROJECT_VERSION = 1;
				DEVELOPMENT_TEAM = FQJCX687Q4;
				GENERATE_INFOPLIST_FILE = YES;
				INFOPLIST_FILE = ShortWeather/Resource/Info.plist;
				INFOPLIST_KEY_UIApplicationSupportsIndirectInputEvents = YES;
				INFOPLIST_KEY_UILaunchStoryboardName = LaunchScreen;
				INFOPLIST_KEY_UISupportedInterfaceOrientations_iPad = "UIInterfaceOrientationPortrait UIInterfaceOrientationPortraitUpsideDown UIInterfaceOrientationLandscapeLeft UIInterfaceOrientationLandscapeRight";
				INFOPLIST_KEY_UISupportedInterfaceOrientations_iPhone = "UIInterfaceOrientationPortrait UIInterfaceOrientationLandscapeLeft UIInterfaceOrientationLandscapeRight";
				IPHONEOS_DEPLOYMENT_TARGET = 16.0;
				LD_RUNPATH_SEARCH_PATHS = (
					"$(inherited)",
					"@executable_path/Frameworks",
				);
				MARKETING_VERSION = 1.0;
				PRODUCT_BUNDLE_IDENTIFIER = Seorin.ShortWeather;
				PRODUCT_NAME = "$(TARGET_NAME)";
				SWIFT_EMIT_LOC_STRINGS = YES;
				SWIFT_VERSION = 5.0;
				TARGETED_DEVICE_FAMILY = "1,2";
			};
			name = Debug;
		};
		52FBA6BD295590D700F263B3 /* Release */ = {
			isa = XCBuildConfiguration;
			buildSettings = {
				ASSETCATALOG_COMPILER_APPICON_NAME = AppIcon;
				ASSETCATALOG_COMPILER_GLOBAL_ACCENT_COLOR_NAME = AccentColor;
				CODE_SIGN_STYLE = Automatic;
				CURRENT_PROJECT_VERSION = 1;
				DEVELOPMENT_TEAM = FQJCX687Q4;
				GENERATE_INFOPLIST_FILE = YES;
				INFOPLIST_FILE = ShortWeather/Resource/Info.plist;
				INFOPLIST_KEY_UIApplicationSupportsIndirectInputEvents = YES;
				INFOPLIST_KEY_UILaunchStoryboardName = LaunchScreen;
				INFOPLIST_KEY_UISupportedInterfaceOrientations_iPad = "UIInterfaceOrientationPortrait UIInterfaceOrientationPortraitUpsideDown UIInterfaceOrientationLandscapeLeft UIInterfaceOrientationLandscapeRight";
				INFOPLIST_KEY_UISupportedInterfaceOrientations_iPhone = "UIInterfaceOrientationPortrait UIInterfaceOrientationLandscapeLeft UIInterfaceOrientationLandscapeRight";
				IPHONEOS_DEPLOYMENT_TARGET = 16.0;
				LD_RUNPATH_SEARCH_PATHS = (
					"$(inherited)",
					"@executable_path/Frameworks",
				);
				MARKETING_VERSION = 1.0;
				PRODUCT_BUNDLE_IDENTIFIER = Seorin.ShortWeather;
				PRODUCT_NAME = "$(TARGET_NAME)";
				SWIFT_EMIT_LOC_STRINGS = YES;
				SWIFT_VERSION = 5.0;
				TARGETED_DEVICE_FAMILY = "1,2";
			};
			name = Release;
		};
/* End XCBuildConfiguration section */

/* Begin XCConfigurationList section */
		52FBA6A2295590D500F263B3 /* Build configuration list for PBXProject "ShortWeather" */ = {
			isa = XCConfigurationList;
			buildConfigurations = (
				52FBA6B9295590D700F263B3 /* Debug */,
				52FBA6BA295590D700F263B3 /* Release */,
			);
			defaultConfigurationIsVisible = 0;
			defaultConfigurationName = Release;
		};
		52FBA6BB295590D700F263B3 /* Build configuration list for PBXNativeTarget "ShortWeather" */ = {
			isa = XCConfigurationList;
			buildConfigurations = (
				52FBA6BC295590D700F263B3 /* Debug */,
				52FBA6BD295590D700F263B3 /* Release */,
			);
			defaultConfigurationIsVisible = 0;
			defaultConfigurationName = Release;
		};
/* End XCConfigurationList section */

/* Begin XCRemoteSwiftPackageReference section */
		5212EAE7296575170084B95E /* XCRemoteSwiftPackageReference "Then" */ = {
			isa = XCRemoteSwiftPackageReference;
			repositoryURL = "https://github.com/devxoul/Then";
			requirement = {
				branch = master;
				kind = branch;
			};
		};
		5212EAEA296575210084B95E /* XCRemoteSwiftPackageReference "SnapKit" */ = {
			isa = XCRemoteSwiftPackageReference;
			repositoryURL = "https://github.com/SnapKit/SnapKit";
			requirement = {
				branch = develop;
				kind = branch;
			};
		};
		5212EAED2965752F0084B95E /* XCRemoteSwiftPackageReference "Moya" */ = {
			isa = XCRemoteSwiftPackageReference;
			repositoryURL = "https://github.com/Moya/Moya";
			requirement = {
				branch = master;
				kind = branch;
			};
		};
		5212EAF0296575490084B95E /* XCRemoteSwiftPackageReference "lottie-ios" */ = {
			isa = XCRemoteSwiftPackageReference;
			repositoryURL = "https://github.com/airbnb/lottie-ios";
			requirement = {
				branch = master;
				kind = branch;
			};
		};
/* End XCRemoteSwiftPackageReference section */

/* Begin XCSwiftPackageProductDependency section */
		5212EAE8296575170084B95E /* Then */ = {
			isa = XCSwiftPackageProductDependency;
			package = 5212EAE7296575170084B95E /* XCRemoteSwiftPackageReference "Then" */;
			productName = Then;
		};
		5212EAEB296575210084B95E /* SnapKit */ = {
			isa = XCSwiftPackageProductDependency;
			package = 5212EAEA296575210084B95E /* XCRemoteSwiftPackageReference "SnapKit" */;
			productName = SnapKit;
		};
		5212EAEE2965752F0084B95E /* Moya */ = {
			isa = XCSwiftPackageProductDependency;
			package = 5212EAED2965752F0084B95E /* XCRemoteSwiftPackageReference "Moya" */;
			productName = Moya;
		};
		5212EAF1296575490084B95E /* Lottie */ = {
			isa = XCSwiftPackageProductDependency;
			package = 5212EAF0296575490084B95E /* XCRemoteSwiftPackageReference "lottie-ios" */;
			productName = Lottie;
		};
/* End XCSwiftPackageProductDependency section */
	};
	rootObject = 52FBA69F295590D500F263B3 /* Project object */;
}
